
Microsoft Visual Studio Solution File, Format Version 12.00
# Visual Studio Version 16
VisualStudioVersion = 16.0.31112.23
MinimumVisualStudioVersion = 10.0.40219.1
Project("{FAE04EC0-301F-11D3-BF4B-00C04F79EFBC}") = "CameraReview", "CameraReview.csproj", "{A07EACE0-DC06-4346-AFD8-2AB0A2C9D5DA}"
EndProject
Global
	GlobalSection(SolutionConfigurationPlatforms) = preSolution
		Debug|Any CPU = Debug|Any CPU
		Release|Any CPU = Release|Any CPU
	EndGlobalSection
	GlobalSection(ProjectConfigurationPlatforms) = postSolution
		{A07EACE0-DC06-4346-AFD8-2AB0A2C9D5DA}.Debug|Any CPU.ActiveCfg = Debug|Any CPU
		{A07EACE0-DC06-4346-AFD8-2AB0A2C9D5DA}.Debug|Any CPU.Build.0 = Debug|Any CPU
		{A07EACE0-DC06-4346-AFD8-2AB0A2C9D5DA}.Release|Any CPU.ActiveCfg = Release|Any CPU
		{A07EACE0-DC06-4346-AFD8-2AB0A2C9D5DA}.Release|Any CPU.Build.0 = Release|Any CPU
	EndGlobalSection
	GlobalSection(SolutionProperties) = preSolution
		HideSolutionNode = FALSE
	EndGlobalSection
	GlobalSection(ExtensibilityGlobals) = postSolution
		SolutionGuid = {9666CBEC-6848-4D81-8505-60D80DA388B3}
	EndGlobalSection
EndGlobal
